
Microsoft Visual Studio Solution File, Format Version 12.00
Project("{FAE04EC0-301F-11D3-BF4B-00C04F79EFBC}") = "Domain", "src\Domain\Domain.csproj", "{49C857D3-02FF-46C3-9014-25BDE1AC7B39}"
EndProject
Project("{FAE04EC0-301F-11D3-BF4B-00C04F79EFBC}") = "Infrastructure", "src\Infrastructure\Infrastructure.csproj", "{CC2414A5-28BD-4221-BAE2-6BE291FF8A09}"
EndProject
Project("{FAE04EC0-301F-11D3-BF4B-00C04F79EFBC}") = "Api", "src\Api\Api.csproj", "{19841982-ABAC-4BA0-903C-0C50EA5F807F}"
EndProject
Project("{2150E333-8FDC-42A3-9474-1A3956D46DE8}") = "Solution Items", "Solution Items", "{DD76552C-49CE-438A-BF29-5A8BC6C5934F}"
	ProjectSection(SolutionItems) = preProject
		docker-compose.yml = docker-compose.yml
	EndProjectSection
EndProject
Project("{FAE04EC0-301F-11D3-BF4B-00C04F79EFBC}") = "MedicalAppointment", "tests\MedicalAppointment\MedicalAppointment.csproj", "{840C521B-BA70-4255-93CB-4C4AB554BF8A}"
EndProject
Project("{FAE04EC0-301F-11D3-BF4B-00C04F79EFBC}") = "Unit.Test", "tests\Unit.Test\Unit.Test.csproj", "{FA88604E-EF63-426A-B72D-C6D712E830E4}"
EndProject
Global
	GlobalSection(SolutionConfigurationPlatforms) = preSolution
		Debug|Any CPU = Debug|Any CPU
		Release|Any CPU = Release|Any CPU
	EndGlobalSection
	GlobalSection(ProjectConfigurationPlatforms) = postSolution
		{49C857D3-02FF-46C3-9014-25BDE1AC7B39}.Debug|Any CPU.ActiveCfg = Debug|Any CPU
		{49C857D3-02FF-46C3-9014-25BDE1AC7B39}.Debug|Any CPU.Build.0 = Debug|Any CPU
		{49C857D3-02FF-46C3-9014-25BDE1AC7B39}.Release|Any CPU.ActiveCfg = Release|Any CPU
		{49C857D3-02FF-46C3-9014-25BDE1AC7B39}.Release|Any CPU.Build.0 = Release|Any CPU
		{CC2414A5-28BD-4221-BAE2-6BE291FF8A09}.Debug|Any CPU.ActiveCfg = Debug|Any CPU
		{CC2414A5-28BD-4221-BAE2-6BE291FF8A09}.Debug|Any CPU.Build.0 = Debug|Any CPU
		{CC2414A5-28BD-4221-BAE2-6BE291FF8A09}.Release|Any CPU.ActiveCfg = Release|Any CPU
		{CC2414A5-28BD-4221-BAE2-6BE291FF8A09}.Release|Any CPU.Build.0 = Release|Any CPU
		{19841982-ABAC-4BA0-903C-0C50EA5F807F}.Debug|Any CPU.ActiveCfg = Debug|Any CPU
		{19841982-ABAC-4BA0-903C-0C50EA5F807F}.Debug|Any CPU.Build.0 = Debug|Any CPU
		{19841982-ABAC-4BA0-903C-0C50EA5F807F}.Release|Any CPU.ActiveCfg = Release|Any CPU
		{19841982-ABAC-4BA0-903C-0C50EA5F807F}.Release|Any CPU.Build.0 = Release|Any CPU
		{840C521B-BA70-4255-93CB-4C4AB554BF8A}.Debug|Any CPU.ActiveCfg = Debug|Any CPU
		{840C521B-BA70-4255-93CB-4C4AB554BF8A}.Debug|Any CPU.Build.0 = Debug|Any CPU
		{840C521B-BA70-4255-93CB-4C4AB554BF8A}.Release|Any CPU.ActiveCfg = Release|Any CPU
		{840C521B-BA70-4255-93CB-4C4AB554BF8A}.Release|Any CPU.Build.0 = Release|Any CPU
		{FA88604E-EF63-426A-B72D-C6D712E830E4}.Debug|Any CPU.ActiveCfg = Debug|Any CPU
		{FA88604E-EF63-426A-B72D-C6D712E830E4}.Debug|Any CPU.Build.0 = Debug|Any CPU
		{FA88604E-EF63-426A-B72D-C6D712E830E4}.Release|Any CPU.ActiveCfg = Release|Any CPU
		{FA88604E-EF63-426A-B72D-C6D712E830E4}.Release|Any CPU.Build.0 = Release|Any CPU
	EndGlobalSection
EndGlobal
